
Microsoft Visual Studio Solution File, Format Version 12.00
# Visual Studio Version 17
VisualStudioVersion = 17.4.33213.308
MinimumVisualStudioVersion = 10.0.40219.1
Project("{FAE04EC0-301F-11D3-BF4B-00C04F79EFBC}") = "Constructor", "Constructor.csproj", "{99CF85A5-8675-4B77-BD0E-71B0BB418620}"
EndProject
Global
	GlobalSection(SolutionConfigurationPlatforms) = preSolution
		Debug|Any CPU = Debug|Any CPU
		Release|Any CPU = Release|Any CPU
	EndGlobalSection
	GlobalSection(ProjectConfigurationPlatforms) = postSolution
		{99CF85A5-8675-4B77-BD0E-71B0BB418620}.Debug|Any CPU.ActiveCfg = Debug|Any CPU
		{99CF85A5-8675-4B77-BD0E-71B0BB418620}.Debug|Any CPU.Build.0 = Debug|Any CPU
		{99CF85A5-8675-4B77-BD0E-71B0BB418620}.Release|Any CPU.ActiveCfg = Release|Any CPU
		{99CF85A5-8675-4B77-BD0E-71B0BB418620}.Release|Any CPU.Build.0 = Release|Any CPU
	EndGlobalSection
	GlobalSection(SolutionProperties) = preSolution
		HideSolutionNode = FALSE
	EndGlobalSection
	GlobalSection(ExtensibilityGlobals) = postSolution
		SolutionGuid = {4A814702-7723-45BD-92CC-934D1FAF5728}
	EndGlobalSection
EndGlobal
